
Microsoft Visual Studio Solution File, Format Version 12.00
# Visual Studio Version 16
VisualStudioVersion = 16.0.31402.337
MinimumVisualStudioVersion = 10.0.40219.1
Project("{FAE04EC0-301F-11D3-BF4B-00C04F79EFBC}") = "LogComponent", "LogTest\LogComponent.csproj", "{EE0CC7D7-A1A0-4A16-80E5-8B80B480EB47}"
EndProject
Project("{FAE04EC0-301F-11D3-BF4B-00C04F79EFBC}") = "Application", "Application\Application.csproj", "{E7E1A7F7-66B8-40C3-B30A-3633C4396AC5}"
EndProject
Project("{2150E333-8FDC-42A3-9474-1A3956D46DE8}") = "Solution Items", "Solution Items", "{45B7352B-5B47-455A-9E0B-41DF59198B01}"
	ProjectSection(SolutionItems) = preProject
		Task description.pdf = Task description.pdf
	EndProjectSection
EndProject
Project("{FAE04EC0-301F-11D3-BF4B-00C04F79EFBC}") = "TestCases", "TestCases\TestCases.csproj", "{33741C72-7739-4B13-9CAD-8996CC3B2481}"
EndProject
Global
	GlobalSection(SolutionConfigurationPlatforms) = preSolution
		Debug|Any CPU = Debug|Any CPU
		Release|Any CPU = Release|Any CPU
	EndGlobalSection
	GlobalSection(ProjectConfigurationPlatforms) = postSolution
		{EE0CC7D7-A1A0-4A16-80E5-8B80B480EB47}.Debug|Any CPU.ActiveCfg = Debug|Any CPU
		{EE0CC7D7-A1A0-4A16-80E5-8B80B480EB47}.Debug|Any CPU.Build.0 = Debug|Any CPU
		{EE0CC7D7-A1A0-4A16-80E5-8B80B480EB47}.Release|Any CPU.ActiveCfg = Release|Any CPU
		{EE0CC7D7-A1A0-4A16-80E5-8B80B480EB47}.Release|Any CPU.Build.0 = Release|Any CPU
		{E7E1A7F7-66B8-40C3-B30A-3633C4396AC5}.Debug|Any CPU.ActiveCfg = Debug|Any CPU
		{E7E1A7F7-66B8-40C3-B30A-3633C4396AC5}.Debug|Any CPU.Build.0 = Debug|Any CPU
		{E7E1A7F7-66B8-40C3-B30A-3633C4396AC5}.Release|Any CPU.ActiveCfg = Release|Any CPU
		{E7E1A7F7-66B8-40C3-B30A-3633C4396AC5}.Release|Any CPU.Build.0 = Release|Any CPU
		{33741C72-7739-4B13-9CAD-8996CC3B2481}.Debug|Any CPU.ActiveCfg = Debug|Any CPU
		{33741C72-7739-4B13-9CAD-8996CC3B2481}.Debug|Any CPU.Build.0 = Debug|Any CPU
		{33741C72-7739-4B13-9CAD-8996CC3B2481}.Release|Any CPU.ActiveCfg = Release|Any CPU
		{33741C72-7739-4B13-9CAD-8996CC3B2481}.Release|Any CPU.Build.0 = Release|Any CPU
	EndGlobalSection
	GlobalSection(SolutionProperties) = preSolution
		HideSolutionNode = FALSE
	EndGlobalSection
	GlobalSection(ExtensibilityGlobals) = postSolution
		SolutionGuid = {7F0C8F00-599E-4B67-AE3B-74D45F130F08}
	EndGlobalSection
EndGlobal
